
Microsoft Visual Studio Solution File, Format Version 12.00
# Visual Studio Version 17
VisualStudioVersion = 17.6.33815.320
MinimumVisualStudioVersion = 10.0.40219.1
Project("{FAE04EC0-301F-11D3-BF4B-00C04F79EFBC}") = "ProjetoCalculadora", "ProjetoCalculadora\ProjetoCalculadora.csproj", "{05AF5961-D867-42BA-A665-88D5B126ADBC}"
EndProject
Global
	GlobalSection(SolutionConfigurationPlatforms) = preSolution
		Debug|Any CPU = Debug|Any CPU
		Release|Any CPU = Release|Any CPU
	EndGlobalSection
	GlobalSection(ProjectConfigurationPlatforms) = postSolution
		{05AF5961-D867-42BA-A665-88D5B126ADBC}.Debug|Any CPU.ActiveCfg = Debug|Any CPU
		{05AF5961-D867-42BA-A665-88D5B126ADBC}.Debug|Any CPU.Build.0 = Debug|Any CPU
		{05AF5961-D867-42BA-A665-88D5B126ADBC}.Release|Any CPU.ActiveCfg = Release|Any CPU
		{05AF5961-D867-42BA-A665-88D5B126ADBC}.Release|Any CPU.Build.0 = Release|Any CPU
	EndGlobalSection
	GlobalSection(SolutionProperties) = preSolution
		HideSolutionNode = FALSE
	EndGlobalSection
	GlobalSection(ExtensibilityGlobals) = postSolution
		SolutionGuid = {BC2A9230-71A3-4547-AE93-683539A34E48}
	EndGlobalSection
EndGlobal
